// !$*UTF8*$!
{
	archiveVersion = 1;
	classes = {
	};
	objectVersion = 55;
	objects = {

/* Begin PBXFileReference section */
		9C7454AF28AA9DC800F87572 /* OCP.playground */ = {isa = PBXFileReference; lastKnownFileType = file.playground; name = OCP.playground; path = ../../OCP.playground; sourceTree = "<group>"; xcLanguageSpecificationIdentifier = xcode.lang.swift; };
		9CC0C73228AD6A27001560DF /* Builder.playground */ = {isa = PBXFileReference; lastKnownFileType = file.playground; name = Builder.playground; path = ../../Builder.playground; sourceTree = "<group>"; xcLanguageSpecificationIdentifier = xcode.lang.swift; };
/* End PBXFileReference section */

/* Begin PBXGroup section */
		9C7454A728AA9D5B00F87572 = {
			isa = PBXGroup;
			children = (
				9CC0C73028AD697C001560DF /* Patterns */,
				9C7454AE28AA9D7A00F87572 /* SOLID */,
			);
			sourceTree = "<group>";
		};
		9C7454AE28AA9D7A00F87572 /* SOLID */ = {
			isa = PBXGroup;
			children = (
				9C7454AF28AA9DC800F87572 /* OCP.playground */,
			);
			path = SOLID;
			sourceTree = "<group>";
		};
		9CC0C73028AD697C001560DF /* Patterns */ = {
			isa = PBXGroup;
			children = (
				9CC0C73228AD6A27001560DF /* Builder.playground */,
			);
			path = Patterns;
			sourceTree = "<group>";
		};
/* End PBXGroup section */

/* Begin PBXProject section */
		9C7454A828AA9D5B00F87572 /* Project object */ = {
			isa = PBXProject;
			attributes = {
				BuildIndependentTargetsInParallel = 1;
				LastUpgradeCheck = 1330;
			};
			buildConfigurationList = 9C7454AB28AA9D5B00F87572 /* Build configuration list for PBXProject "Patterns" */;
			compatibilityVersion = "Xcode 13.0";
			developmentRegion = en;
			hasScannedForEncodings = 0;
			knownRegions = (
				en,
				Base,
			);
			mainGroup = 9C7454A728AA9D5B00F87572;
			projectDirPath = "";
			projectRoot = "";
			targets = (
			);
		};
/* End PBXProject section */

/* Begin XCBuildConfiguration section */
		9C7454AC28AA9D5B00F87572 /* Debug */ = {
			isa = XCBuildConfiguration;
			buildSettings = {
			};
			name = Debug;
		};
		9C7454AD28AA9D5B00F87572 /* Release */ = {
			isa = XCBuildConfiguration;
			buildSettings = {
			};
			name = Release;
		};
/* End XCBuildConfiguration section */

/* Begin XCConfigurationList section */
		9C7454AB28AA9D5B00F87572 /* Build configuration list for PBXProject "Patterns" */ = {
			isa = XCConfigurationList;
			buildConfigurations = (
				9C7454AC28AA9D5B00F87572 /* Debug */,
				9C7454AD28AA9D5B00F87572 /* Release */,
			);
			defaultConfigurationIsVisible = 0;
			defaultConfigurationName = Release;
		};
/* End XCConfigurationList section */
	};
	rootObject = 9C7454A828AA9D5B00F87572 /* Project object */;
}
